{
  "version": 4,
  "terraform_version": "1.7.5",
  "serial": 4,
  "lineage": "e1dbbcbb-8a57-8f49-75f3-8054da818c28",
  "outputs": {},
  "resources": [
    {
      "mode": "managed",
      "type": "local_file",
      "name": "hcl-basic",
      "provider": "provider[\"registry.terraform.io/hashicorp/local\"]",
      "instances": [
        {
          "schema_version": 0,
          "attributes": {
            "content": "Terraform introduction",
            "content_base64": null,
            "content_base64sha256": "aTAF+DaUD4kKAA2l3zQDEBaXjEZXjCMDgqoDdjYFAsA=",
            "content_base64sha512": "4p2uiNEjeC6PoBgry/R/jBJDGXnrNqj2T8fbij4XzNnS1qxWtNx/iPRlkvmw5mXkZo8ZhR5lM3bmQOBvMw78NQ==",
            "content_md5": "f25764e3901e6c560458fef368b70bf6",
            "content_sha1": "444a010541e7b4f67b0c3dba418824222bf52c39",
            "content_sha256": "693005f836940f890a000da5df34031016978c46578c230382aa0376360502c0",
            "content_sha512": "e29dae88d123782e8fa0182bcbf47f8c12431979eb36a8f64fc7db8a3e17ccd9d2d6ac56b4dc7f88f46592f9b0e665e4668f19851e653376e640e06f330efc35",
            "directory_permission": "0777",
            "file_permission": "0700",
            "filename": "terraform-hcl",
            "id": "444a010541e7b4f67b0c3dba418824222bf52c39",
            "sensitive_content": null,
            "source": null
          },
          "sensitive_attributes": []
        }
      ]
    }
  ],
  "check_results": null
}
